// !$*UTF8*$!
{
	archiveVersion = 1;
	classes = {
	};
	objectVersion = 50;
	objects = {

/* Begin PBXBuildFile section */
		2C7D2A8E236362F500839E2C /* GameControl.swift in Sources */ = {isa = PBXBuildFile; fileRef = 2C7D2A8D236362F500839E2C /* GameControl.swift */; };
		B881CE7423626AE900CA8780 /* AppDelegate.swift in Sources */ = {isa = PBXBuildFile; fileRef = B881CE7323626AE900CA8780 /* AppDelegate.swift */; };
		B881CE7823626AE900CA8780 /* ViewController.swift in Sources */ = {isa = PBXBuildFile; fileRef = B881CE7723626AE900CA8780 /* ViewController.swift */; };
		B881CE7B23626AE900CA8780 /* Main.storyboard in Resources */ = {isa = PBXBuildFile; fileRef = B881CE7923626AE900CA8780 /* Main.storyboard */; };
		B881CE7D23626AEB00CA8780 /* Assets.xcassets in Resources */ = {isa = PBXBuildFile; fileRef = B881CE7C23626AEB00CA8780 /* Assets.xcassets */; };
		B881CE8023626AEB00CA8780 /* LaunchScreen.storyboard in Resources */ = {isa = PBXBuildFile; fileRef = B881CE7E23626AEB00CA8780 /* LaunchScreen.storyboard */; };
		B881CE8923626B1A00CA8780 /* GameView.swift in Sources */ = {isa = PBXBuildFile; fileRef = B881CE8823626B1A00CA8780 /* GameView.swift */; };
		B881CE8B23626D1C00CA8780 /* Player.swift in Sources */ = {isa = PBXBuildFile; fileRef = B881CE8A23626D1C00CA8780 /* Player.swift */; };
		B881CE8D23626D2900CA8780 /* Enemy.swift in Sources */ = {isa = PBXBuildFile; fileRef = B881CE8C23626D2900CA8780 /* Enemy.swift */; };
		B881CE8F23626D3F00CA8780 /* Board.swift in Sources */ = {isa = PBXBuildFile; fileRef = B881CE8E23626D3F00CA8780 /* Board.swift */; };
/* End PBXBuildFile section */

/* Begin PBXFileReference section */
		2C7D2A8D236362F500839E2C /* GameControl.swift */ = {isa = PBXFileReference; lastKnownFileType = sourcecode.swift; path = GameControl.swift; sourceTree = "<group>"; };
		B880FDD02363289B0061B210 /* README.md */ = {isa = PBXFileReference; lastKnownFileType = net.daringfireball.markdown; path = README.md; sourceTree = "<group>"; };
		B881CE7023626AE900CA8780 /* Ninja Coders X.app */ = {isa = PBXFileReference; explicitFileType = wrapper.application; includeInIndex = 0; path = "Ninja Coders X.app"; sourceTree = BUILT_PRODUCTS_DIR; };
		B881CE7323626AE900CA8780 /* AppDelegate.swift */ = {isa = PBXFileReference; lastKnownFileType = sourcecode.swift; path = AppDelegate.swift; sourceTree = "<group>"; };
		B881CE7723626AE900CA8780 /* ViewController.swift */ = {isa = PBXFileReference; lastKnownFileType = sourcecode.swift; path = ViewController.swift; sourceTree = "<group>"; };
		B881CE7A23626AE900CA8780 /* Base */ = {isa = PBXFileReference; lastKnownFileType = file.storyboard; name = Base; path = Base.lproj/Main.storyboard; sourceTree = "<group>"; };
		B881CE7C23626AEB00CA8780 /* Assets.xcassets */ = {isa = PBXFileReference; lastKnownFileType = folder.assetcatalog; path = Assets.xcassets; sourceTree = "<group>"; };
		B881CE7F23626AEB00CA8780 /* Base */ = {isa = PBXFileReference; lastKnownFileType = file.storyboard; name = Base; path = Base.lproj/LaunchScreen.storyboard; sourceTree = "<group>"; };
		B881CE8123626AEB00CA8780 /* Info.plist */ = {isa = PBXFileReference; lastKnownFileType = text.plist.xml; path = Info.plist; sourceTree = "<group>"; };
		B881CE8823626B1A00CA8780 /* GameView.swift */ = {isa = PBXFileReference; lastKnownFileType = sourcecode.swift; path = GameView.swift; sourceTree = "<group>"; };
		B881CE8A23626D1C00CA8780 /* Player.swift */ = {isa = PBXFileReference; lastKnownFileType = sourcecode.swift; path = Player.swift; sourceTree = "<group>"; };
		B881CE8C23626D2900CA8780 /* Enemy.swift */ = {isa = PBXFileReference; lastKnownFileType = sourcecode.swift; path = Enemy.swift; sourceTree = "<group>"; };
		B881CE8E23626D3F00CA8780 /* Board.swift */ = {isa = PBXFileReference; lastKnownFileType = sourcecode.swift; path = Board.swift; sourceTree = "<group>"; };
/* End PBXFileReference section */

/* Begin PBXFrameworksBuildPhase section */
		B881CE6D23626AE900CA8780 /* Frameworks */ = {
			isa = PBXFrameworksBuildPhase;
			buildActionMask = 2147483647;
			files = (
			);
			runOnlyForDeploymentPostprocessing = 0;
		};
/* End PBXFrameworksBuildPhase section */

/* Begin PBXGroup section */
		B881CE6723626AE900CA8780 = {
			isa = PBXGroup;
			children = (
				B880FDD02363289B0061B210 /* README.md */,
				B881CE7223626AE900CA8780 /* NinjaCoders */,
				B881CE7123626AE900CA8780 /* Products */,
			);
			sourceTree = "<group>";
		};
		B881CE7123626AE900CA8780 /* Products */ = {
			isa = PBXGroup;
			children = (
				B881CE7023626AE900CA8780 /* Ninja Coders X.app */,
			);
			name = Products;
			sourceTree = "<group>";
		};
		B881CE7223626AE900CA8780 /* NinjaCoders */ = {
			isa = PBXGroup;
			children = (
				B881CE8823626B1A00CA8780 /* GameView.swift */,
				2C7D2A8D236362F500839E2C /* GameControl.swift */,
				B881CE8E23626D3F00CA8780 /* Board.swift */,
				B881CE8C23626D2900CA8780 /* Enemy.swift */,
				B881CE8A23626D1C00CA8780 /* Player.swift */,
				B881CE8723626B0300CA8780 /* misc */,
			);
			path = NinjaCoders;
			sourceTree = "<group>";
		};
		B881CE8723626B0300CA8780 /* misc */ = {
			isa = PBXGroup;
			children = (
				B881CE7323626AE900CA8780 /* AppDelegate.swift */,
				B881CE7723626AE900CA8780 /* ViewController.swift */,
				B881CE7923626AE900CA8780 /* Main.storyboard */,
				B881CE7C23626AEB00CA8780 /* Assets.xcassets */,
				B881CE7E23626AEB00CA8780 /* LaunchScreen.storyboard */,
				B881CE8123626AEB00CA8780 /* Info.plist */,
			);
			path = misc;
			sourceTree = "<group>";
		};
/* End PBXGroup section */

/* Begin PBXNativeTarget section */
		B881CE6F23626AE900CA8780 /* NinjaCoders */ = {
			isa = PBXNativeTarget;
			buildConfigurationList = B881CE8423626AEB00CA8780 /* Build configuration list for PBXNativeTarget "NinjaCoders" */;
			buildPhases = (
				B881CE6C23626AE900CA8780 /* Sources */,
				B881CE6D23626AE900CA8780 /* Frameworks */,
				B881CE6E23626AE900CA8780 /* Resources */,
			);
			buildRules = (
			);
			dependencies = (
			);
			name = NinjaCoders;
			productName = NinjaCoders;
			productReference = B881CE7023626AE900CA8780 /* Ninja Coders X.app */;
			productType = "com.apple.product-type.application";
		};
/* End PBXNativeTarget section */

/* Begin PBXProject section */
		B881CE6823626AE900CA8780 /* Project object */ = {
			isa = PBXProject;
			attributes = {
				LastSwiftUpdateCheck = 1100;
				LastUpgradeCheck = 1100;
				ORGANIZATIONNAME = "Roman Kyrylenko";
				TargetAttributes = {
					B881CE6F23626AE900CA8780 = {
						CreatedOnToolsVersion = 11.0;
					};
				};
			};
			buildConfigurationList = B881CE6B23626AE900CA8780 /* Build configuration list for PBXProject "NinjaCoders" */;
			compatibilityVersion = "Xcode 9.3";
			developmentRegion = en;
			hasScannedForEncodings = 0;
			knownRegions = (
				en,
				Base,
			);
			mainGroup = B881CE6723626AE900CA8780;
			productRefGroup = B881CE7123626AE900CA8780 /* Products */;
			projectDirPath = "";
			projectRoot = "";
			targets = (
				B881CE6F23626AE900CA8780 /* NinjaCoders */,
			);
		};
/* End PBXProject section */

/* Begin PBXResourcesBuildPhase section */
		B881CE6E23626AE900CA8780 /* Resources */ = {
			isa = PBXResourcesBuildPhase;
			buildActionMask = 2147483647;
			files = (
				B881CE8023626AEB00CA8780 /* LaunchScreen.storyboard in Resources */,
				B881CE7D23626AEB00CA8780 /* Assets.xcassets in Resources */,
				B881CE7B23626AE900CA8780 /* Main.storyboard in Resources */,
			);
			runOnlyForDeploymentPostprocessing = 0;
		};
/* End PBXResourcesBuildPhase section */

/* Begin PBXSourcesBuildPhase section */
		B881CE6C23626AE900CA8780 /* Sources */ = {
			isa = PBXSourcesBuildPhase;
			buildActionMask = 2147483647;
			files = (
				B881CE8B23626D1C00CA8780 /* Player.swift in Sources */,
				2C7D2A8E236362F500839E2C /* GameControl.swift in Sources */,
				B881CE8D23626D2900CA8780 /* Enemy.swift in Sources */,
				B881CE8F23626D3F00CA8780 /* Board.swift in Sources */,
				B881CE7823626AE900CA8780 /* ViewController.swift in Sources */,
				B881CE8923626B1A00CA8780 /* GameView.swift in Sources */,
				B881CE7423626AE900CA8780 /* AppDelegate.swift in Sources */,
			);
			runOnlyForDeploymentPostprocessing = 0;
		};
/* End PBXSourcesBuildPhase section */

/* Begin PBXVariantGroup section */
		B881CE7923626AE900CA8780 /* Main.storyboard */ = {
			isa = PBXVariantGroup;
			children = (
				B881CE7A23626AE900CA8780 /* Base */,
			);
			name = Main.storyboard;
			sourceTree = "<group>";
		};
		B881CE7E23626AEB00CA8780 /* LaunchScreen.storyboard */ = {
			isa = PBXVariantGroup;
			children = (
				B881CE7F23626AEB00CA8780 /* Base */,
			);
			name = LaunchScreen.storyboard;
			sourceTree = "<group>";
		};
/* End PBXVariantGroup section */

/* Begin XCBuildConfiguration section */
		B881CE8223626AEB00CA8780 /* Debug */ = {
			isa = XCBuildConfiguration;
			buildSettings = {
				ALWAYS_SEARCH_USER_PATHS = NO;
				CLANG_ANALYZER_NONNULL = YES;
				CLANG_ANALYZER_NUMBER_OBJECT_CONVERSION = YES_AGGRESSIVE;
				CLANG_CXX_LANGUAGE_STANDARD = "gnu++14";
				CLANG_CXX_LIBRARY = "libc++";
				CLANG_ENABLE_MODULES = YES;
				CLANG_ENABLE_OBJC_ARC = YES;
				CLANG_ENABLE_OBJC_WEAK = YES;
				CLANG_WARN_BLOCK_CAPTURE_AUTORELEASING = YES;
				CLANG_WARN_BOOL_CONVERSION = YES;
				CLANG_WARN_COMMA = YES;
				CLANG_WARN_CONSTANT_CONVERSION = YES;
				CLANG_WARN_DEPRECATED_OBJC_IMPLEMENTATIONS = YES;
				CLANG_WARN_DIRECT_OBJC_ISA_USAGE = YES_ERROR;
				CLANG_WARN_DOCUMENTATION_COMMENTS = YES;
				CLANG_WARN_EMPTY_BODY = YES;
				CLANG_WARN_ENUM_CONVERSION = YES;
				CLANG_WARN_INFINITE_RECURSION = YES;
				CLANG_WARN_INT_CONVERSION = YES;
				CLANG_WARN_NON_LITERAL_NULL_CONVERSION = YES;
				CLANG_WARN_OBJC_IMPLICIT_RETAIN_SELF = YES;
				CLANG_WARN_OBJC_LITERAL_CONVERSION = YES;
				CLANG_WARN_OBJC_ROOT_CLASS = YES_ERROR;
				CLANG_WARN_RANGE_LOOP_ANALYSIS = YES;
				CLANG_WARN_STRICT_PROTOTYPES = YES;
				CLANG_WARN_SUSPICIOUS_MOVE = YES;
				CLANG_WARN_UNGUARDED_AVAILABILITY = YES_AGGRESSIVE;
				CLANG_WARN_UNREACHABLE_CODE = YES;
				CLANG_WARN__DUPLICATE_METHOD_MATCH = YES;
				COPY_PHASE_STRIP = NO;
				DEBUG_INFORMATION_FORMAT = dwarf;
				ENABLE_STRICT_OBJC_MSGSEND = YES;
				ENABLE_TESTABILITY = YES;
				GCC_C_LANGUAGE_STANDARD = gnu11;
				GCC_DYNAMIC_NO_PIC = NO;
				GCC_NO_COMMON_BLOCKS = YES;
				GCC_OPTIMIZATION_LEVEL = 0;
				GCC_PREPROCESSOR_DEFINITIONS = (
					"DEBUG=1",
					"$(inherited)",
				);
				GCC_WARN_64_TO_32_BIT_CONVERSION = YES;
				GCC_WARN_ABOUT_RETURN_TYPE = YES_ERROR;
				GCC_WARN_UNDECLARED_SELECTOR = YES;
				GCC_WARN_UNINITIALIZED_AUTOS = YES_AGGRESSIVE;
				GCC_WARN_UNUSED_FUNCTION = YES;
				GCC_WARN_UNUSED_VARIABLE = YES;
				IPHONEOS_DEPLOYMENT_TARGET = 13.0;
				MTL_ENABLE_DEBUG_INFO = INCLUDE_SOURCE;
				MTL_FAST_MATH = YES;
				ONLY_ACTIVE_ARCH = YES;
				SDKROOT = iphoneos;
				SWIFT_ACTIVE_COMPILATION_CONDITIONS = DEBUG;
				SWIFT_OPTIMIZATION_LEVEL = "-Onone";
			};
			name = Debug;
		};
		B881CE8323626AEB00CA8780 /* Release */ = {
			isa = XCBuildConfiguration;
			buildSettings = {
				ALWAYS_SEARCH_USER_PATHS = NO;
				CLANG_ANALYZER_NONNULL = YES;
				CLANG_ANALYZER_NUMBER_OBJECT_CONVERSION = YES_AGGRESSIVE;
				CLANG_CXX_LANGUAGE_STANDARD = "gnu++14";
				CLANG_CXX_LIBRARY = "libc++";
				CLANG_ENABLE_MODULES = YES;
				CLANG_ENABLE_OBJC_ARC = YES;
				CLANG_ENABLE_OBJC_WEAK = YES;
				CLANG_WARN_BLOCK_CAPTURE_AUTORELEASING = YES;
				CLANG_WARN_BOOL_CONVERSION = YES;
				CLANG_WARN_COMMA = YES;
				CLANG_WARN_CONSTANT_CONVERSION = YES;
				CLANG_WARN_DEPRECATED_OBJC_IMPLEMENTATIONS = YES;
				CLANG_WARN_DIRECT_OBJC_ISA_USAGE = YES_ERROR;
				CLANG_WARN_DOCUMENTATION_COMMENTS = YES;
				CLANG_WARN_EMPTY_BODY = YES;
				CLANG_WARN_ENUM_CONVERSION = YES;
				CLANG_WARN_INFINITE_RECURSION = YES;
				CLANG_WARN_INT_CONVERSION = YES;
				CLANG_WARN_NON_LITERAL_NULL_CONVERSION = YES;
				CLANG_WARN_OBJC_IMPLICIT_RETAIN_SELF = YES;
				CLANG_WARN_OBJC_LITERAL_CONVERSION = YES;
				CLANG_WARN_OBJC_ROOT_CLASS = YES_ERROR;
				CLANG_WARN_RANGE_LOOP_ANALYSIS = YES;
				CLANG_WARN_STRICT_PROTOTYPES = YES;
				CLANG_WARN_SUSPICIOUS_MOVE = YES;
				CLANG_WARN_UNGUARDED_AVAILABILITY = YES_AGGRESSIVE;
				CLANG_WARN_UNREACHABLE_CODE = YES;
				CLANG_WARN__DUPLICATE_METHOD_MATCH = YES;
				COPY_PHASE_STRIP = NO;
				DEBUG_INFORMATION_FORMAT = "dwarf-with-dsym";
				ENABLE_NS_ASSERTIONS = NO;
				ENABLE_STRICT_OBJC_MSGSEND = YES;
				GCC_C_LANGUAGE_STANDARD = gnu11;
				GCC_NO_COMMON_BLOCKS = YES;
				GCC_WARN_64_TO_32_BIT_CONVERSION = YES;
				GCC_WARN_ABOUT_RETURN_TYPE = YES_ERROR;
				GCC_WARN_UNDECLARED_SELECTOR = YES;
				GCC_WARN_UNINITIALIZED_AUTOS = YES_AGGRESSIVE;
				GCC_WARN_UNUSED_FUNCTION = YES;
				GCC_WARN_UNUSED_VARIABLE = YES;
				IPHONEOS_DEPLOYMENT_TARGET = 13.0;
				MTL_ENABLE_DEBUG_INFO = NO;
				MTL_FAST_MATH = YES;
				SDKROOT = iphoneos;
				SWIFT_COMPILATION_MODE = wholemodule;
				SWIFT_OPTIMIZATION_LEVEL = "-O";
				VALIDATE_PRODUCT = YES;
			};
			name = Release;
		};
		B881CE8523626AEB00CA8780 /* Debug */ = {
			isa = XCBuildConfiguration;
			buildSettings = {
				ASSETCATALOG_COMPILER_APPICON_NAME = AppIcon;
				CODE_SIGN_STYLE = Automatic;
				DEVELOPMENT_TEAM = YDKT2YXVNA;
				INFOPLIST_FILE = NinjaCoders/misc/Info.plist;
				LD_RUNPATH_SEARCH_PATHS = (
					"$(inherited)",
					"@executable_path/Frameworks",
				);
				PRODUCT_BUNDLE_IDENTIFIER = com.pr0ctopus.NinjaCoders.userX;
				PRODUCT_NAME = "Ninja Coders X";
				SWIFT_VERSION = 5.0;
				TARGETED_DEVICE_FAMILY = 2;
			};
			name = Debug;
		};
		B881CE8623626AEB00CA8780 /* Release */ = {
			isa = XCBuildConfiguration;
			buildSettings = {
				ASSETCATALOG_COMPILER_APPICON_NAME = AppIcon;
				CODE_SIGN_STYLE = Automatic;
				DEVELOPMENT_TEAM = YDKT2YXVNA;
				INFOPLIST_FILE = NinjaCoders/misc/Info.plist;
				LD_RUNPATH_SEARCH_PATHS = (
					"$(inherited)",
					"@executable_path/Frameworks",
				);
				PRODUCT_BUNDLE_IDENTIFIER = com.pr0ctopus.NinjaCoders.userX;
				PRODUCT_NAME = "Ninja Coders X";
				SWIFT_VERSION = 5.0;
				TARGETED_DEVICE_FAMILY = 2;
			};
			name = Release;
		};
/* End XCBuildConfiguration section */

/* Begin XCConfigurationList section */
		B881CE6B23626AE900CA8780 /* Build configuration list for PBXProject "NinjaCoders" */ = {
			isa = XCConfigurationList;
			buildConfigurations = (
				B881CE8223626AEB00CA8780 /* Debug */,
				B881CE8323626AEB00CA8780 /* Release */,
			);
			defaultConfigurationIsVisible = 0;
			defaultConfigurationName = Release;
		};
		B881CE8423626AEB00CA8780 /* Build configuration list for PBXNativeTarget "NinjaCoders" */ = {
			isa = XCConfigurationList;
			buildConfigurations = (
				B881CE8523626AEB00CA8780 /* Debug */,
				B881CE8623626AEB00CA8780 /* Release */,
			);
			defaultConfigurationIsVisible = 0;
			defaultConfigurationName = Release;
		};
/* End XCConfigurationList section */
	};
	rootObject = B881CE6823626AE900CA8780 /* Project object */;
}
